
Microsoft Visual Studio Solution File, Format Version 12.00
# Visual Studio 15
VisualStudioVersion = 15.0.26124.0
MinimumVisualStudioVersion = 15.0.26124.0
Project("{FAE04EC0-301F-11D3-BF4B-00C04F79EFBC}") = "Domain", "Domain\Domain.csproj", "{D3096A7B-896C-496B-95CE-A500A82E154F}"
EndProject
Project("{FAE04EC0-301F-11D3-BF4B-00C04F79EFBC}") = "Application", "Application\Application.csproj", "{91C08FE6-B7B1-4CA1-B79B-933D32213B26}"
EndProject
Project("{FAE04EC0-301F-11D3-BF4B-00C04F79EFBC}") = "Persistence", "Persistence\Persistence.csproj", "{2AE86619-D446-44DC-A329-BB9BE5C7EE6D}"
EndProject
Project("{FAE04EC0-301F-11D3-BF4B-00C04F79EFBC}") = "API", "API\API.csproj", "{6202C0EB-5293-4BC9-BD02-A38C91CD2788}"
EndProject
Global
	GlobalSection(SolutionConfigurationPlatforms) = preSolution
		Debug|Any CPU = Debug|Any CPU
		Debug|x64 = Debug|x64
		Debug|x86 = Debug|x86
		Release|Any CPU = Release|Any CPU
		Release|x64 = Release|x64
		Release|x86 = Release|x86
	EndGlobalSection
	GlobalSection(SolutionProperties) = preSolution
		HideSolutionNode = FALSE
	EndGlobalSection
	GlobalSection(ProjectConfigurationPlatforms) = postSolution
		{D3096A7B-896C-496B-95CE-A500A82E154F}.Debug|Any CPU.ActiveCfg = Debug|Any CPU
		{D3096A7B-896C-496B-95CE-A500A82E154F}.Debug|Any CPU.Build.0 = Debug|Any CPU
		{D3096A7B-896C-496B-95CE-A500A82E154F}.Debug|x64.ActiveCfg = Debug|Any CPU
		{D3096A7B-896C-496B-95CE-A500A82E154F}.Debug|x64.Build.0 = Debug|Any CPU
		{D3096A7B-896C-496B-95CE-A500A82E154F}.Debug|x86.ActiveCfg = Debug|Any CPU
		{D3096A7B-896C-496B-95CE-A500A82E154F}.Debug|x86.Build.0 = Debug|Any CPU
		{D3096A7B-896C-496B-95CE-A500A82E154F}.Release|Any CPU.ActiveCfg = Release|Any CPU
		{D3096A7B-896C-496B-95CE-A500A82E154F}.Release|Any CPU.Build.0 = Release|Any CPU
		{D3096A7B-896C-496B-95CE-A500A82E154F}.Release|x64.ActiveCfg = Release|Any CPU
		{D3096A7B-896C-496B-95CE-A500A82E154F}.Release|x64.Build.0 = Release|Any CPU
		{D3096A7B-896C-496B-95CE-A500A82E154F}.Release|x86.ActiveCfg = Release|Any CPU
		{D3096A7B-896C-496B-95CE-A500A82E154F}.Release|x86.Build.0 = Release|Any CPU
		{91C08FE6-B7B1-4CA1-B79B-933D32213B26}.Debug|Any CPU.ActiveCfg = Debug|Any CPU
		{91C08FE6-B7B1-4CA1-B79B-933D32213B26}.Debug|Any CPU.Build.0 = Debug|Any CPU
		{91C08FE6-B7B1-4CA1-B79B-933D32213B26}.Debug|x64.ActiveCfg = Debug|Any CPU
		{91C08FE6-B7B1-4CA1-B79B-933D32213B26}.Debug|x64.Build.0 = Debug|Any CPU
		{91C08FE6-B7B1-4CA1-B79B-933D32213B26}.Debug|x86.ActiveCfg = Debug|Any CPU
		{91C08FE6-B7B1-4CA1-B79B-933D32213B26}.Debug|x86.Build.0 = Debug|Any CPU
		{91C08FE6-B7B1-4CA1-B79B-933D32213B26}.Release|Any CPU.ActiveCfg = Release|Any CPU
		{91C08FE6-B7B1-4CA1-B79B-933D32213B26}.Release|Any CPU.Build.0 = Release|Any CPU
		{91C08FE6-B7B1-4CA1-B79B-933D32213B26}.Release|x64.ActiveCfg = Release|Any CPU
		{91C08FE6-B7B1-4CA1-B79B-933D32213B26}.Release|x64.Build.0 = Release|Any CPU
		{91C08FE6-B7B1-4CA1-B79B-933D32213B26}.Release|x86.ActiveCfg = Release|Any CPU
		{91C08FE6-B7B1-4CA1-B79B-933D32213B26}.Release|x86.Build.0 = Release|Any CPU
		{2AE86619-D446-44DC-A329-BB9BE5C7EE6D}.Debug|Any CPU.ActiveCfg = Debug|Any CPU
		{2AE86619-D446-44DC-A329-BB9BE5C7EE6D}.Debug|Any CPU.Build.0 = Debug|Any CPU
		{2AE86619-D446-44DC-A329-BB9BE5C7EE6D}.Debug|x64.ActiveCfg = Debug|Any CPU
		{2AE86619-D446-44DC-A329-BB9BE5C7EE6D}.Debug|x64.Build.0 = Debug|Any CPU
		{2AE86619-D446-44DC-A329-BB9BE5C7EE6D}.Debug|x86.ActiveCfg = Debug|Any CPU
		{2AE86619-D446-44DC-A329-BB9BE5C7EE6D}.Debug|x86.Build.0 = Debug|Any CPU
		{2AE86619-D446-44DC-A329-BB9BE5C7EE6D}.Release|Any CPU.ActiveCfg = Release|Any CPU
		{2AE86619-D446-44DC-A329-BB9BE5C7EE6D}.Release|Any CPU.Build.0 = Release|Any CPU
		{2AE86619-D446-44DC-A329-BB9BE5C7EE6D}.Release|x64.ActiveCfg = Release|Any CPU
		{2AE86619-D446-44DC-A329-BB9BE5C7EE6D}.Release|x64.Build.0 = Release|Any CPU
		{2AE86619-D446-44DC-A329-BB9BE5C7EE6D}.Release|x86.ActiveCfg = Release|Any CPU
		{2AE86619-D446-44DC-A329-BB9BE5C7EE6D}.Release|x86.Build.0 = Release|Any CPU
		{6202C0EB-5293-4BC9-BD02-A38C91CD2788}.Debug|Any CPU.ActiveCfg = Debug|Any CPU
		{6202C0EB-5293-4BC9-BD02-A38C91CD2788}.Debug|Any CPU.Build.0 = Debug|Any CPU
		{6202C0EB-5293-4BC9-BD02-A38C91CD2788}.Debug|x64.ActiveCfg = Debug|Any CPU
		{6202C0EB-5293-4BC9-BD02-A38C91CD2788}.Debug|x64.Build.0 = Debug|Any CPU
		{6202C0EB-5293-4BC9-BD02-A38C91CD2788}.Debug|x86.ActiveCfg = Debug|Any CPU
		{6202C0EB-5293-4BC9-BD02-A38C91CD2788}.Debug|x86.Build.0 = Debug|Any CPU
		{6202C0EB-5293-4BC9-BD02-A38C91CD2788}.Release|Any CPU.ActiveCfg = Release|Any CPU
		{6202C0EB-5293-4BC9-BD02-A38C91CD2788}.Release|Any CPU.Build.0 = Release|Any CPU
		{6202C0EB-5293-4BC9-BD02-A38C91CD2788}.Release|x64.ActiveCfg = Release|Any CPU
		{6202C0EB-5293-4BC9-BD02-A38C91CD2788}.Release|x64.Build.0 = Release|Any CPU
		{6202C0EB-5293-4BC9-BD02-A38C91CD2788}.Release|x86.ActiveCfg = Release|Any CPU
		{6202C0EB-5293-4BC9-BD02-A38C91CD2788}.Release|x86.Build.0 = Release|Any CPU
	EndGlobalSection
EndGlobal
